# This file is automatically @generated by Poetry 2.4.3 and should not be changed by hand.

[[package]]
name = "build"
version = "1.6.1"
description = "A simple, correct Python build frontend"
optional = false
python-versions = ">=3.10"
groups = ["main"]
files = [
    {file = "build-1.6.1-py3-none-any.whl", hash = "sha256:ecd351a4be9d35a9eaaba244a7687143c9c7d4aea6ac964e7e7ddab20cbcf4e7"},
]

[package.dependencies]
packaging = ">=24.0"
tomli = {version = ">=1.1.0", markers = "python_version < \"3.11\""}

[package.extras]
keyring = ["keyring"]
uv = ["uv (>=0.1.18)"]
virtualenv = ["virtualenv (>=20.36.1)"]

[[package]]
name = "cachecontrol"
version = "0.14.4"
description = "httplib2 caching for requests"
optional = false
python-versions = ">=3.10"
groups = ["main"]
files = [
    {file = "cachecontrol-0.14.4-py3-none-any.whl", hash = "sha256:b7ac014ff72ee199b5f8af1de29d60239954f223e948196fa3d84adaffc71d2b"},
]

[package.dependencies]
filelock = {version = ">=3.8.0", optional = true, markers = "extra == \"filecache\""}
msgpack = ">=0.5.2,<2.0.0"
requests = ">=2.16.0"

[package.extras]
dev = ["cachecontrol[filecache,redis]", "cheroot (>=11.1.2)", "cherrypy", "codespell", "furo", "mypy", "pytest", "pytest-cov", "ruff", "sphinx", "sphinx-copybutton", "types-redis", "types-requests"]
filecache = ["filelock (>=3.8.0)"]
redis = ["redis (>=2.10.5)"]

[[package]]
name = "cleo"
version = "2.1.0"
description = "Cleo allows you to create beautiful and testable command-line interfaces."
optional = false
python-versions = ">=3.7,<4.0"
groups = ["main"]
files = [
    {file = "cleo-2.1.0-py3-none-any.whl", hash = "sha256:4a31bd4dd45695a64ee3c4758f583f134267c2bc518d8ae9a29cf237d009b07e"},
]

[package.dependencies]
rapidfuzz = ">=3.0.0,<4.0.0"

[[package]]
name = "dulwich"
version = "1.2.14"
description = "Python Git Library"
optional = false
python-versions = ">=3.10"
groups = ["main", "test"]
files = [
    {file = "dulwich-1.2.14-cp310-cp310-macosx_10_12_x86_64.whl", hash = "sha256:fe7a54b88b48672776bda2c2d5eb7fcad526e8c516f54306624b8317ca713984"},
]

[package.extras]
aiohttp = ["aiohttp"]
colordiff = ["rich"]
dev = ["codespell (==2.4.3)", "dissolve (>=0.1.1)", "mypy (==2.3.0)", "ruff (==0.16.0)"]
fastimport = ["fastimport"]
fuzzing = ["atheris"]
https = ["urllib3 (>=2.2.2)"]
hypothesis = ["hypothesis (>=6)"]
merge = ["merge3"]
paramiko = ["paramiko"]
patiencediff = ["patiencediff"]
pgp = ["gpg"]
range-diff = ["munkres"]

[[package]]
name = "filelock"
version = "3.32.6"
description = "A platform independent file lock."
optional = false
python-versions = ">=3.10"
groups = ["main", "dev"]
files = [
    {file = "filelock-3.32.6-py3-none-any.whl", hash = "sha256:3f16ecd0117feae0dfc147e8c62eb5daeccd8bd800378c3ddf416de9b4feb6b1"},
]

[[package]]
name = "findpython"
version = "0.8.0"
description = "A utility to find python versions on your system"
optional = false
python-versions = ">=3.9"
groups = ["main"]
files = [
    {file = "findpython-0.8.0-py3-none-any.whl", hash = "sha256:4a61ee1618a8b55014f7d41f59345d322be93f6ce62395bdccccc651b3f7e28a"},
]

[package.dependencies]
packaging = ">=20"
platformdirs = ">=4.3.6"

[[package]]
name = "idna"
version = "3.19"
description = "Internationalized Domain Names in Applications (IDNA)"
optional = false
python-versions = ">=3.9"
groups = ["main", "test"]
files = [
    {file = "idna-3.19-py3-none-any.whl", hash = "sha256:815e7be7a7806d54abb586dc943addc79e8b2ee16915059658cbeff4b1b43bf4"},
]

[package.extras]
all = ["coverage (>=7.10.0)", "hypothesis (>=6.141.1)", "mypy (>=1.11.2)", "pytest (>=8.3.2)", "ruff (>=0.16.0)", "ty (>=0.0.37)"]

[[package]]
name = "keyring"
version = "25.7.0"
description = "Store and access your passwords safely."
optional = false
python-versions = ">=3.9"
groups = ["main"]
files = [
    {file = "keyring-25.7.0-py3-none-any.whl", hash = "sha256:be4a0b195f149690c166e850609a477c532ddbfbaed96a404d4e43f8d5e2689f"},
]

[package.extras]
check = ["pytest-checkdocs (>=2.4)", "pytest-ruff (>=0.2.1) ; sys_platform != \"cygwin\""]
completion = ["shtab (>=1.1.0)"]
cover = ["pytest-cov"]
doc = ["furo", "jaraco.packaging (>=9.3)", "jaraco.tidelift (>=1.4)", "rst.linker (>=1.9)", "sphinx (>=3.5)", "sphinx-lint"]
enabler = ["pytest-enabler (>=3.4)"]
test = ["pyfakefs", "pytest (>=6,!=8.1.*)"]
type = ["pygobject-stubs", "pytest-mypy (>=1.0.1)", "shtab", "types-pywin32"]

[[package]]
name = "msgpack"
version = "1.2.2"
description = "MessagePack serializer"
optional = false
python-versions = ">=3.10"
groups = ["main"]
files = [
    {file = "msgpack-1.2.2-cp310-cp310-macosx_10_9_x86_64.whl", hash = "sha256:7afa5431f6f3487c584187ca6c8e2a34e9b106529893b3e720eabb068f6ac970"},
]

[[package]]
name = "mypy"
version = "2.3.1"
description = "Optional static typing for Python"
optional = false
python-versions = ">=3.10"
groups = ["typing"]
files = [
    {file = "mypy-2.3.1-cp310-cp310-macosx_11_0_arm64.whl", hash = "sha256:57a936373fc690c43a8cd7e7e12a35148e4ec5aa7698ad7fc0a9f918bdc5be41"},
]

[package.dependencies]
tomli = {version = ">=1.1.0", markers = "python_version < \"3.11\""}
typing_extensions = [
    {version = ">=4.6.0", markers = "python_version < \"3.15\""},
    {version = ">=4.14.0", markers = "python_version >= \"3.15\""},
]

[package.extras]
dmypy = ["psutil (>=4.0)"]
faster-cache = ["orjson"]
install-types = ["pip"]
mypyc = ["setuptools (>=50)"]
reports = ["lxml"]

[[package]]
name = "packaging"
version = "26.3"
description = "Core utilities for Python packages"
optional = false
python-versions = ">=3.9"
groups = ["main", "github-actions", "test"]
files = [
    {file = "packaging-26.3-py3-none-any.whl", hash = "sha256:d7193f7c8e4e93f444fde0262bf90af30e16fa0ad0ad44cb553c87339b23cd1c"},
]

[[package]]
name = "pbs-installer"
version = "2026.9.1"
description = "Installer for Python Build Standalone"
optional = false
python-versions = ">=3.9"
groups = ["main"]
files = [
    {file = "pbs_installer-2026.9.1-py3-none-any.whl", hash = "sha256:d2c320a11e0313f559f4338fad3f698345d200d0506053c75d266730b2507dcb"},
]

[package.extras]
all = ["pbs-installer[download,install]"]
download = ["httpx (>=0.27.0,<1)"]
install = ["backports.zstd (>=1.0.0) ; python_version < \"3.14\""]

[[package]]
name = "platformdirs"
version = "4.11.8"
description = "A small Python package for determining appropriate platform-specific dirs, e.g. a `user data dir`."
optional = false
python-versions = ">=3.10"
groups = ["main", "dev"]
files = [
    {file = "platformdirs-4.11.8-py3-none-any.whl", hash = "sha256:52f2f181bbfde907966932cc8312d967d02976422d66d537ea16092b8e291081"},
]

[[package]]
name = "poetry-core"
version = "2.5.0"
description = "Poetry PEP 517 Build Backend"
optional = false
python-versions = "<4.0,>=3.10"
groups = ["main"]
files = [
    {file = "poetry_core-2.5.0-py3-none-any.whl", hash = "sha256:98ee465b66f7e14bb9fbe68fb5e00d0cff184f036993ec94610ae4b5612f3add"},
]

[[package]]
name = "pre-commit"
version = "4.6.2"
description = "A framework for managing and maintaining multi-language pre-commit hooks."
optional = false
python-versions = ">=3.10"
groups = ["dev"]
files = [
    {file = "pre_commit-4.6.2-py2.py3-none-any.whl", hash = "sha256:e2dde9a75d3bce11bd3831c26d134df00a2803c1d818be6a0383c3dcda25dc4e"},
]

[package.dependencies]
virtualenv = ">=20.10.0"

[[package]]
name = "pytest"
version = "9.1.1"
description = "pytest: simple powerful testing with Python"
optional = false
python-versions = ">=3.10"
groups = ["github-actions", "test"]
files = [
    {file = "pytest-9.1.1-py3-none-any.whl", hash = "sha256:37a86b45efb9a47a61a36449063e8e18d0cab3161329fc099eb21783169c4f0c"},
]

[package.dependencies]
packaging = ">=22"
tomli = {version = ">=1", markers = "python_version < \"3.11\""}

[package.extras]
dev = ["argcomplete", "attrs (>=19.2)", "hypothesis (>=3.56)", "mock", "requests", "setuptools", "xmlschema"]

[[package]]
name = "pytest-github-actions-annotate-failures"
version = "0.1.8"
description = "pytest plugin to annotate failed tests with a workflow command for GitHub Actions"
optional = false
python-versions = ">=2.7,!=3.0.*,!=3.1.*,!=3.2.*,!=3.3.*,!=3.4.*,!=3.5.*"
groups = ["github-actions"]
files = [
    {file = "pytest-github-actions-annotate-failures-0.1.8.tar.gz", hash = "sha256:2d6e6cb5f8d0aae4a27a20cc4e20fabd3199a121c57f44bc48fe28e372e0be23"},
]

[package.dependencies]
pytest = ">=4.0.0"

[[package]]
name = "pytest-xdist"
version = "3.8.0"
description = "pytest xdist plugin for distributed testing, most importantly across multiple CPUs"
optional = false
python-versions = ">=3.9"
groups = ["test"]
files = [
    {file = "pytest_xdist-3.8.0-py3-none-any.whl", hash = "sha256:202ca578cfeb7370784a8c33d6d05bc6e13b4f25b5053c30a152269fd10f0b88"},
]

[package.dependencies]
pytest = ">=7.0.0"

[package.extras]
psutil = ["psutil (>=3.0)"]
setproctitle = ["setproctitle"]
testing = ["filelock"]

[[package]]
name = "rapidfuzz"
version = "3.14.5"
description = "rapid fuzzy string matching"
optional = false
python-versions = ">=3.10"
groups = ["main"]
markers = "python_version < \"3.15\""
files = [
    {file = "rapidfuzz-3.14.5-cp310-cp310-macosx_10_9_x86_64.whl", hash = "sha256:071d96b957a33b9296b9284b6350a0fb6d030b154a04efd7c15e56b98b79a517"},
]

[package.extras]
all = ["numpy"]

[[package]]
name = "rapidfuzz"
version = "3.14.6"
description = "rapid fuzzy string matching"
optional = false
python-versions = ">=3.11"
groups = ["main"]
markers = "python_version >= \"3.15\""
files = [
    {file = "rapidfuzz-3.14.6-cp311-cp311-macosx_10_9_x86_64.whl", hash = "sha256:1c0dd0d765184366b6e213a8af3b0b3bb39dad27943bbfb193515d4ff96ac82a"},
]

[package.extras]
all = ["numpy"]

[[package]]
name = "requests"
version = "2.34.2"
description = "Python HTTP for Humans."
optional = false
python-versions = ">=3.10"
groups = ["main", "test"]
files = [
    {file = "requests-2.34.2-py3-none-any.whl", hash = "sha256:2a0d60c172f83ac6ab31e4554906c0f3b3588d37b5cb939b1c061f4907e278e0"},
]

[package.dependencies]
idna = ">=2.5,<4"

[package.extras]
socks = ["PySocks (>=1.5.6,!=1.5.7)"]
use-chardet-on-py3 = ["chardet (>=3.0.2,<8)"]

[[package]]
name = "tomli"
version = "2.4.1"
description = "A lil' TOML parser"
optional = false
python-versions = ">=3.8"
groups = ["main", "github-actions", "test", "typing"]
files = [
    {file = "tomli-2.4.1-cp311-cp311-macosx_10_9_x86_64.whl", hash = "sha256:f8f0fc26ec2cc2b965b7a3b87cd19c5c6b8c5e5f436b984e85f486d652285c30"},
]
markers = {main = "python_version == \"3.10\"", github-actions = "python_version == \"3.10\"", test = "python_full_version <= \"3.11.0a6\"", typing = "python_version == \"3.10\""}

[[package]]
name = "trove-classifiers"
version = "2026.6.1.19"
description = "Canonical source for classifiers on PyPI (pypi.org)."
optional = false
python-versions = "*"
groups = ["main"]
files = [
    {file = "trove_classifiers-2026.6.1.19-py3-none-any.whl", hash = "sha256:ab4c4ec93cc4a4e7815fa759906e05e6bb3f2fbd92ea0f897288c6a43efd15b3"},
]

[[package]]
name = "types-requests"
version = "2.33.0.20260906"
description = "Typing stubs for requests"
optional = false
python-versions = ">=3.10"
groups = ["typing"]
files = [
    {file = "types_requests-2.33.0.20260906-py3-none-any.whl", hash = "sha256:9f53622652bd921ead7a54d665be1b8d518165c8b51cc9d68d944cd6b6bfa8fb"},
]

[[package]]
name = "virtualenv"
version = "21.7.9"
description = "Virtual Python Environment builder"
optional = false
python-versions = ">=3.9"
groups = ["main", "dev"]
files = [
    {file = "virtualenv-21.7.9-py3-none-any.whl", hash = "sha256:ba3b0bb41063c848d84d76a9fe3fb7711aaa0f2fe78708e8f3cd9714770e4eac"},
]

[package.dependencies]
filelock = {version = ">=3.24.2,<4", markers = "python_version >= \"3.10\""}
platformdirs = ">=3.9.1,<5"

[[package]]
name = "xattr"
version = "1.3.0"
description = "Python wrapper for extended filesystem attributes"
optional = false
python-versions = ">=3.9"
groups = ["main"]
markers = "sys_platform == \"darwin\""
files = [
    {file = "xattr-1.3.0-cp310-cp310-macosx_10_9_universal2.whl", hash = "sha256:a80c4617e08670cdc3ba71f1dbb275c1627744c5c3641280879cb3bc95a07237"},
]

[package.extras]
test = ["pytest"]

[metadata]
lock-version = "2.1"
python-versions = ">=3.10,<4.0"
content-hash = "793a83bdd20e70d3c149b8faa2c512eb90e4a2fdf110ac95f426f7e175185836"
