{
    "_meta": {
        "hash": {
            "sha256": "eea1092263f9038525de6a5104b5479f30deb6956b6c521b39f5d7e9f79968e3"
        },
        "pipfile-spec": 6,
        "requires": {},
        "sources": [
            {
                "name": "pypi",
                "url": "https://pypi.python.org/simple",
                "verify_ssl": true
            }
        ]
    },
    "default": {
        "beautifulsoup4": {
            "hashes": [
                "sha256:0e79446b10b3ecb499c1556f7e228a53e64a2bfcebd455f370d8927cb5b59e39"
            ],
            "markers": "python_full_version >= '3.6.0'",
            "version": "==4.11.2"
        },
        "bs4": {
            "hashes": [
                "sha256:36ecea1fd7cc5c0c6e4a1ff075df26d50da647b75376626cc186e2212886dd3a"
            ],
            "index": "pypi",
            "version": "==0.0.1"
        },
        "fake-useragent": {
            "hashes": [
                "sha256:579c72b18ba792a5bd54ba48e63e464d21933e336472c974091a6757f31bfcdc"
            ],
            "index": "pypi",
            "version": "==1.1.1"
        },
        "lxml": {
            "hashes": [
                "sha256:01d36c05f4afb8f7c20fd9ed5badca32a2029b93b1750f571ccc0b142531caf7"
            ],
            "markers": "python_version >= '2.7' and python_version not in '3.0, 3.1, 3.2, 3.3, 3.4'",
            "version": "==4.9.2"
        },
        "parse": {
            "hashes": [
                "sha256:9ff82852bcb65d139813e2a5197627a94966245c897796760a3a2a8eb66f020b"
            ],
            "index": "pypi",
            "version": "==1.19.0"
        },
        "pyppeteer": {
            "hashes": [
                "sha256:11a734d8f02c6b128035aba8faf32748f2016310a6a1cbc6aa5b1e2580742e8f"
            ],
            "index": "pypi",
            "version": "==1.0.2"
        },
        "pyquery": {
            "hashes": [
                "sha256:8dfc9b4b7c5f877d619bbae74b1898d5743f6ca248cfd5d72b504dd614da312f"
            ],
            "index": "pypi",
            "version": "==2.0.0"
        },
        "requests": {
            "hashes": [
                "sha256:64299f4909223da747622c030b781c0d7811e359c37124b4bd368fb8c6518baa"
            ],
            "index": "pypi",
            "version": "==2.28.2"
        },
        "rfc3986": {
            "hashes": [
                "sha256:50b1502b60e289cb37883f3dfd34532b8873c7de9f49bb546641ce9cbd256ebd"
            ],
            "index": "pypi",
            "version": "==2.0.0"
        },
        "urllib3": {
            "hashes": [
                "sha256:076907bf8fd355cde77728471316625a4d2f7e713c125f51953bb5b3eecf4f72"
            ],
            "markers": "python_version >= '2.7' and python_version not in '3.0, 3.1, 3.2, 3.3, 3.4, 3.5'",
            "version": "==1.26.14"
        },
        "w3lib": {
            "hashes": [
                "sha256:0e1198f1b745195b6b3dd1a4cd66011fbf82f30a4d9dabaee1f9e5c86f020274"
            ],
            "index": "pypi",
            "version": "==2.1.1"
        }
    },
    "develop": {
        "exceptiongroup": {
            "hashes": [
                "sha256:327cbda3da756e2de031a3107b81ab7b3770a602c4d16ca618298c526f4bec1e"
            ],
            "markers": "python_version < '3.11'",
            "version": "==1.1.0"
        },
        "jeepney": {
            "hashes": [
                "sha256:5efe48d255973902f6badc3ce55e2aa6c5c3b3bc642059ef3a91247bcfcc5806"
            ],
            "markers": "sys_platform == 'linux'",
            "version": "==0.8.0"
        },
        "lxml": {
            "hashes": [
                "sha256:01d36c05f4afb8f7c20fd9ed5badca32a2029b93b1750f571ccc0b142531caf7"
            ],
            "markers": "python_version >= '2.7' and python_version not in '3.0, 3.1, 3.2, 3.3, 3.4'",
            "version": "==4.9.2"
        },
        "mypy": {
            "hashes": [
                "sha256:0af4f0e20706aadf4e6f8f8dc5ab739089146b83fd53cb4a7e0e850ef3de0bb6"
            ],
            "index": "pypi",
            "version": "==1.0.1"
        },
        "pytest": {
            "hashes": [
                "sha256:c7c6ca206e93355074ae32f7403e8ea12163b1163c976fee7d4d84027c162be5"
            ],
            "index": "pypi",
            "version": "==7.2.1"
        },
        "pytest-asyncio": {
            "hashes": [
                "sha256:83cbf01169ce3e8eb71c6c278ccb0574d1a7a3bb8eaaf5e50e0ad342afb33b36"
            ],
            "index": "pypi",
            "version": "==0.20.3"
        },
        "requests-file": {
            "hashes": [
                "sha256:07d74208d3389d01c38ab89ef403af0cfec63957d53a0081d8eca738d0247d8e"
            ],
            "index": "pypi",
            "version": "==1.5.1"
        },
        "requests-html": {
            "editable": true,
            "path": "."
        },
        "sphinx": {
            "hashes": [
                "sha256:0dac3b698538ffef41716cf97ba26c1c7788dba73ce6f150c1ff5b4720786dd2"
            ],
            "index": "pypi",
            "version": "==6.1.3"
        },
        "tomli": {
            "hashes": [
                "sha256:939de3e7a6161af0c887ef91b7d41a53e7c5a1ca976325f429cb46ea9bc30ecc"
            ],
            "markers": "python_version < '3.11'",
            "version": "==2.0.1"
        },
        "twine": {
            "hashes": [
                "sha256:929bc3c280033347a00f847236564d1c52a3e61b1ac2516c97c48f3ceab756d8"
            ],
            "index": "pypi",
            "version": "==4.0.2"
        },
        "white": {
            "hashes": [
                "sha256:45e2c7f54de1facc60bf0a726b480cdc43422aad57c3a0bc5ba54cb536696683"
            ],
            "index": "pypi",
            "version": "==0.1.2"
        }
    }
}
