{
    "_meta": {
        "hash": {
            "sha256": "da9bc421bb142aff07e02251f89956aa6b39c70fbe6ba61accee2b16efbfb3a0"
        },
        "pipfile-spec": 6,
        "requires": {
            "python_version": "3.9"
        },
        "sources": [
            {
                "name": "pypi",
                "url": "https://pypi.org/simple",
                "verify_ssl": true
            }
        ]
    },
    "default": {
        "bc-jsonpath-ng": {
            "hashes": [
                "sha256:2c85bb1d194376808fe1fc49558dd484e39024b15c719995e22de811e6ba4dc8"
            ],
            "index": "pypi",
            "markers": "python_version >= '3.8'",
            "version": "==1.6.1"
        },
        "boto3": {
            "hashes": [
                "sha256:b660c649a27a6b47a34f6f858f5bd7c3b0a798a16dec8dda7cbebeee80fd1f60"
            ],
            "index": "pypi",
            "markers": "python_version >= '3.8'",
            "version": "==1.35.49"
        },
        "botocore": {
            "hashes": [
                "sha256:1eab44e969c39c5f3d9a3104a0836c24715579a455f12b3979a31d7cde51b3c3"
            ],
            "markers": "python_version >= '3.8'",
            "version": "==1.35.99"
        },
        "colorama": {
            "hashes": [
                "sha256:08695f5cb7ed6e0531a20572697297273c47b8cae5a63ffc6d6ed5c201be6e44"
            ],
            "index": "pypi",
            "markers": "python_version >= '2.7' and python_version not in '3.0, 3.1, 3.2, 3.3, 3.4, 3.5, 3.6'",
            "version": "==0.4.6"
        },
        "dpath": {
            "hashes": [
                "sha256:d1a7a0e6427d0a4156c792c82caf1f0109603f68ace792e36ca4596fd2cb8d9d"
            ],
            "index": "pypi",
            "markers": "python_version >= '3.7'",
            "version": "==2.1.3"
        },
        "idna": {
            "hashes": [
                "sha256:5e0811a4383b21dc5838069f801c4fb62113b7447663d2530d2bd6e77b49bf15"
            ],
            "markers": "python_version >= '3.9'",
            "version": "==3.19"
        },
        "jsonschema": {
            "hashes": [
                "sha256:3fba0169e345c7175110351d456342c364814cfcf3b964ba4587f22915230a63"
            ],
            "index": "pypi",
            "markers": "python_version >= '3.9'",
            "version": "==4.25.1"
        },
        "networkx": {
            "hashes": [
                "sha256:80b6b89c77d1dfb64a4c7854981b60aeea6360ac02c6d4e4913319e0a313abef"
            ],
            "index": "pypi",
            "markers": "python_version >= '3.7'",
            "version": "==2.6.3"
        },
        "packaging": {
            "hashes": [
                "sha256:048fb0e9405036518eaaf48a55953c750c11e1a1b68e0dd1a9d62ed0c092cfc5"
            ],
            "index": "pypi",
            "markers": "python_version >= '3.7'",
            "version": "==23.2"
        },
        "pycep-parser": {
            "hashes": [
                "sha256:683bb001077c09f98408285b1b6ba10cfb3941610966c45d0638a0e1a5e1d2a4"
            ],
            "index": "pypi",
            "markers": "python_version >= '3.8' and python_version < '4.0'",
            "version": "==0.5.1"
        },
        "pyston": {
            "hashes": [
                "sha256:30caaee3b58d92817efa2cd4f32c24289dd5f4ddf9b5b4ec5b62ed564230ca8a"
            ],
            "index": "pypi",
            "markers": "python_version < '3.11' and (sys_platform == 'linux' or sys_platform == 'darwin') and platform_machine == 'x86_64' and implementation_name == 'cpython'",
            "version": "==2.3.5"
        },
        "pyston-autoload": {
            "hashes": [
                "sha256:14d09effb82c436b2b090cf3293e8279e14af065ed5383ab06f72d5481f89cfd"
            ],
            "index": "pypi",
            "markers": "python_version < '3.11' and (sys_platform == 'linux' or sys_platform == 'darwin') and platform_machine == 'x86_64' and implementation_name == 'cpython'",
            "version": "==2.3.5"
        },
        "requests": {
            "hashes": [
                "sha256:2462f94637a34fd532264295e186976db0f5d453d1cdd31473c85a6a161affb6"
            ],
            "index": "pypi",
            "markers": "python_version >= '3.9'",
            "version": "==2.32.5"
        },
        "schema": {
            "hashes": [
                "sha256:f06717112c61895cabc4707752b88716e8420a8819d71404501e114f91043197"
            ],
            "index": "pypi",
            "version": "==0.7.5"
        },
        "six": {
            "hashes": [
                "sha256:4721f391ed90541fddacab5acf947aa0d3dc7d27b2e1e8eda2be8970586c3274"
            ],
            "markers": "python_version >= '2.7' and python_version not in '3.0, 3.1, 3.2, 3.3'",
            "version": "==1.17.0"
        },
        "tabulate": {
            "hashes": [
                "sha256:0095b12bf5966de529c0feb1fa08671671b3368eec77d7ef7ab114be2c068b3c"
            ],
            "index": "pypi",
            "markers": "python_version >= '3.7'",
            "version": "==0.9.0"
        },
        "termcolor": {
            "hashes": [
                "sha256:3afb05607b89aed0ffe25202399ee0867ad4d3cb4180d98aaf8eefa6a5f7d475"
            ],
            "index": "pypi",
            "markers": "python_version >= '3.7'",
            "version": "==2.3.0"
        },
        "urllib3": {
            "hashes": [
                "sha256:0ed14ccfbf1c30a9072c7ca157e4319b70d65f623e91e7b32fadb2853431016e"
            ],
            "index": "pypi",
            "markers": "python_version >= '2.7' and python_version not in '3.0, 3.1, 3.2, 3.3, 3.4, 3.5'",
            "version": "==1.26.20"
        },
        "yarl": {
            "hashes": [
                "sha256:01e73b85a5434f89fc4fe27dcda2aff08ddf35e4d47bbbea3bdcd25321af538a"
            ],
            "index": "pypi",
            "markers": "python_version >= '3.9'",
            "version": "==1.22.0"
        }
    },
    "develop": {
        "boto3-stubs-lite": {
            "extras": [
                "s3"
            ],
            "hashes": [
                "sha256:6b8ccfbee328d2bcd23c8a785be9d4c1ca4022d772667903473481e7e6042bf8"
            ],
            "markers": "python_version >= '3.9'",
            "version": "==1.43.74"
        },
        "coverage": {
            "extras": [
                "toml"
            ],
            "hashes": [
                "sha256:06a737c882bd26d0d6ee7269b20b12f14a8704807a01056c80bb881a4b2ce6ca"
            ],
            "index": "pypi",
            "markers": "python_version >= '3.8'",
            "version": "==7.6.1"
        },
        "exceptiongroup": {
            "hashes": [
                "sha256:8b412432c6055b0b7d14c310000ae93352ed6754f70fa8f7c34141f91c4e3219"
            ],
            "markers": "python_version < '3.11'",
            "version": "==1.3.1"
        },
        "importlib-resources": {
            "hashes": [
                "sha256:185f87adef5bcc288449d98fb4fba07cea78bc036455dd44c5fc4a2fe78fed2c"
            ],
            "index": "pypi",
            "markers": "python_version >= '3.9'",
            "version": "==6.5.2"
        },
        "iniconfig": {
            "hashes": [
                "sha256:3abbd2e30b36733fee78f9c7f7308f2d0050e88f0087fd25c2645f63c773e1c7"
            ],
            "index": "pypi",
            "markers": "python_version >= '3.8'",
            "version": "==2.1.0"
        },
        "jsonschema": {
            "hashes": [
                "sha256:3fba0169e345c7175110351d456342c364814cfcf3b964ba4587f22915230a63"
            ],
            "index": "pypi",
            "markers": "python_version >= '3.9'",
            "version": "==4.25.1"
        },
        "mypy": {
            "hashes": [
                "sha256:016f2246209095e8eda7538944daa1d60e1e8134d98983b9fc1e92c1fc0cb8dd"
            ],
            "index": "pypi",
            "markers": "python_version >= '3.9'",
            "version": "==1.19.1"
        },
        "pluggy": {
            "hashes": [
                "sha256:7dcc130b76258d33b90f61b658791dede3486c3e6bfb003ee5c9bfb396dd22f3"
            ],
            "markers": "python_version >= '3.9'",
            "version": "==1.6.0"
        },
        "pytest": {
            "hashes": [
                "sha256:2cf0005922c6ace4a3e2ec8b4080eb0d9753fdc93107415332f50ce9e7994280"
            ],
            "index": "pypi",
            "markers": "python_version >= '3.7'",
            "version": "==7.4.4"
        },
        "pytest-xdist": {
            "hashes": [
                "sha256:202ca578cfeb7370784a8c33d6d05bc6e13b4f25b5053c30a152269fd10f0b88"
            ],
            "index": "pypi",
            "markers": "python_version >= '3.9'",
            "version": "==3.8.0"
        },
        "setuptools": {
            "hashes": [
                "sha256:c3a9c4211ff4c309edb8b8c4f1cbfa7ae324c4ba9f91ff254e3d305b9fd54561"
            ],
            "index": "pypi",
            "markers": "python_version >= '3.9'",
            "version": "==78.1.1"
        },
        "tomli": {
            "hashes": [
                "sha256:01f520d4f53ef97964a240a035ec2a869fe1a37dde002b57ebc4417a27ccd853"
            ],
            "index": "pypi",
            "markers": "python_version >= '3.8'",
            "version": "==2.4.1"
        },
        "types-pyyaml": {
            "hashes": [
                "sha256:0f8b54a528c303f0e6f7165687dd33fafa81c807fcac23f632b63aa624ced1d3"
            ],
            "index": "pypi",
            "markers": "python_version >= '3.9'",
            "version": "==6.0.12.20250915"
        }
    }
}
