version = 1
revision = 3
requires-python = "==3.11.*"
resolution-markers = [
    "sys_platform == 'darwin'",
    "platform_machine == 'aarch64' and sys_platform == 'linux'",
    "sys_platform == 'win32'",
    "(platform_machine != 'aarch64' and sys_platform == 'linux') or (sys_platform != 'darwin' and sys_platform != 'linux' and sys_platform != 'win32')",
]

[[package]]
name = "anthropic"
version = "0.122.0"
source = { registry = "https://pypi.org/simple" }
dependencies = [
    { name = "anyio" },
]
sdist = { url = "https://files.pythonhosted.org/packages/fa/23/9987d70b74e3481d5bc5d2021d3e10fd5f60c1f7b54088ea86506d9b7f2b/anthropic-0.122.0.tar.gz", hash = "sha256:ffec56ae96657c8d19fa575ec96f140f380c353a07ab7d61b92eb18ee6536601", size = 1021535, upload-time = "2026-08-13T18:36:00.307Z" }
wheels = [
    { url = "https://files.pythonhosted.org/packages/26/5b/f5c87e71097a9f89f1b414d1ef7ae8439051fae57d5e4ee90946082982b8/anthropic-0.122.0-py3-none-any.whl", hash = "sha256:45ec906452ffae6b5f7f0c53d01f50bfb7e4ce878d7ae8e4309d13171e557e67", size = 1041853, upload-time = "2026-08-13T18:36:01.831Z" },
]

[[package]]
name = "anyio"
version = "4.12.1"
source = { registry = "https://pypi.org/simple" }
sdist = { url = "https://files.pythonhosted.org/packages/96/f0/5eb65b2bb0d09ac6776f2eb54adee6abe8228ea05b20a5ad0e4945de8aac/anyio-4.12.1.tar.gz", hash = "sha256:41cfcc3a4c85d3f05c932da7c26d0201ac36f72abd4435ba90d0464a3ffed703", size = 228685, upload-time = "2026-01-06T11:45:21.246Z" }
wheels = [
    { url = "https://files.pythonhosted.org/packages/38/0e/27be9fdef66e72d64c0cdc3cc2823101b80585f8119b5c112c2e8f5f7dab/anyio-4.12.1-py3-none-any.whl", hash = "sha256:d405828884fc140aa80a3c667b8beed277f1dfedec42ba031bd6ac3db606ab6c", size = 113592, upload-time = "2026-01-06T11:45:19.497Z" },
]

[[package]]
name = "arq"
version = "0.26.3"
source = { registry = "https://pypi.org/simple" }
sdist = { url = "https://files.pythonhosted.org/packages/4f/65/5add7049297a449d1453e26a8d5924f0d5440b3876edc9e80d5dc621f16d/arq-0.26.3.tar.gz", hash = "sha256:362063ea3c726562fb69c723d5b8ee80827fdefda782a8547da5be3d380ac4b1", size = 291111, upload-time = "2025-01-06T22:44:49.771Z" }
wheels = [
    { url = "https://files.pythonhosted.org/packages/85/b3/a24a183c628da633b7cafd1759b14aaf47958de82ba6bcae9f1c2898781d/arq-0.26.3-py3-none-any.whl", hash = "sha256:9f4b78149a58c9dc4b88454861a254b7c4e7a159f2c973c89b548288b77e9005", size = 25968, upload-time = "2025-01-06T22:44:45.771Z" },
]

[[package]]
name = "cachetools"
version = "7.0.1"
source = { registry = "https://pypi.org/simple" }
sdist = { url = "https://files.pythonhosted.org/packages/d4/07/56595285564e90777d758ebd383d6b0b971b87729bbe2184a849932a3736/cachetools-7.0.1.tar.gz", hash = "sha256:e31e579d2c5b6e2944177a0397150d312888ddf4e16e12f1016068f0c03b8341", size = 36126, upload-time = "2026-02-10T22:24:05.03Z" }
wheels = [
    { url = "https://files.pythonhosted.org/packages/ed/9e/5faefbf9db1db466d633735faceda1f94aa99ce506ac450d232536266b32/cachetools-7.0.1-py3-none-any.whl", hash = "sha256:8f086515c254d5664ae2146d14fc7f65c9a4bce75152eb247e5a9c5e6d7b2ecf", size = 13484, upload-time = "2026-02-10T22:24:03.741Z" },
]

[[package]]
name = "celery"
version = "5.4.0"
source = { registry = "https://pypi.org/simple" }
sdist = { url = "https://files.pythonhosted.org/packages/8a/9c/cf0bce2cc1c8971bf56629d8f180e4ca35612c7e79e6e432e785261a8be4/celery-5.4.0.tar.gz", hash = "sha256:504a19140e8d3029d5acad88330c541d4c3f64c789d85f94756762d8bca7e706", size = 1575692, upload-time = "2024-04-17T20:29:43.675Z" }
wheels = [
    { url = "https://files.pythonhosted.org/packages/90/c4/6a4d3772e5407622feb93dd25c86ce3c0fee746fa822a777a627d56b4f2a/celery-5.4.0-py3-none-any.whl", hash = "sha256:369631eb580cf8c51a82721ec538684994f8277637edde2dfc0dacd73ed97f64", size = 425983, upload-time = "2024-04-17T20:29:39.406Z" },
]

[[package]]
name = "fastapi"
version = "0.136.1"
source = { registry = "https://pypi.org/simple" }
dependencies = [
    { name = "starlette" },
]
sdist = { url = "https://files.pythonhosted.org/packages/5d/45/c130091c2dfa061bbfe3150f2a5091ef1adf149f2a8d2ae769ecaf6e99a2/fastapi-0.136.1.tar.gz", hash = "sha256:7af665ad7acfa0a3baf8983d393b6b471b9da10ede59c60045f49fbc89a0fa7f", size = 397448, upload-time = "2026-04-23T16:49:44.046Z" }
wheels = [
    { url = "https://files.pythonhosted.org/packages/5a/ff/2e4eca3ade2c22fe1dea7043b8ee9dabe47753349eb1b56a202de8af6349/fastapi-0.136.1-py3-none-any.whl", hash = "sha256:a6e9d7eeada96c93a4d69cb03836b44fa34e2854accb7244a1ece36cd4781c3f", size = 117683, upload-time = "2026-04-23T16:49:42.437Z" },
]

[package.optional-dependencies]
all = [
    { name = "python-multipart" },
    { name = "pyyaml" },
]

[[package]]
name = "flower"
version = "2.0.1"
source = { registry = "https://pypi.org/simple" }
dependencies = [
    { name = "celery" },
]
sdist = { url = "https://files.pythonhosted.org/packages/09/a1/357f1b5d8946deafdcfdd604f51baae9de10aafa2908d0b7322597155f92/flower-2.0.1.tar.gz", hash = "sha256:5ab717b979530770c16afb48b50d2a98d23c3e9fe39851dcf6bc4d01845a02a0", size = 3220408, upload-time = "2023-08-13T14:37:46.073Z" }
wheels = [
    { url = "https://files.pythonhosted.org/packages/a6/ff/ee2f67c0ff146ec98b5df1df637b2bc2d17beeb05df9f427a67bd7a7d79c/flower-2.0.1-py2.py3-none-any.whl", hash = "sha256:9db2c621eeefbc844c8dd88be64aef61e84e2deb29b271e02ab2b5b9f01068e2", size = 383553, upload-time = "2023-08-13T14:37:41.552Z" },
]

[[package]]
name = "huggingface-hub"
version = "1.7.1"
source = { registry = "https://pypi.org/simple" }
dependencies = [
    { name = "pyyaml" },
]
sdist = { url = "https://files.pythonhosted.org/packages/b4/a8/94ccc0aec97b996a3a68f3e1fa06a4bd7185dd02bf22bfba794a0ade8440/huggingface_hub-1.7.1.tar.gz", hash = "sha256:be38fe66e9b03c027ad755cb9e4b87ff0303c98acf515b5d579690beb0bf3048", size = 722097, upload-time = "2026-03-13T09:36:07.758Z" }
wheels = [
    { url = "https://files.pythonhosted.org/packages/6f/75/ca21955d6117a394a482c7862ce96216239d0e3a53133ae8510727a8bcfa/huggingface_hub-1.7.1-py3-none-any.whl", hash = "sha256:38c6cce7419bbde8caac26a45ed22b0cea24152a8961565d70ec21f88752bfaa", size = 616308, upload-time = "2026-03-13T09:36:06.062Z" },
]

[[package]]
name = "ibm-db"
version = "3.2.9"
source = { registry = "https://pypi.org/simple" }
sdist = { url = "https://files.pythonhosted.org/packages/6c/36/8cd1503b7f947293bb045ec86e6fa60a0bef3bacf1a601840ea65c4b78de/ibm_db-3.2.9.tar.gz", hash = "sha256:0ad6dc4575519a5563fd7f845fc6bc00d688020e1d3ae78d382e79183bc32b0b", size = 276595, upload-time = "2026-05-26T15:41:25.98Z" }
wheels = [
    { url = "https://files.pythonhosted.org/packages/e0/47/992fe2d1157963df678d94cc2573e4e292d6e29c2c47fb069a36f16e3c90/ibm_db-3.2.9-cp311-cp311-macosx_10_15_x86_64.whl", hash = "sha256:b72049768de33e0767e7ca4f5cf9c44812a6422c8a4e07bb07fd30c242f555b2", size = 24166574, upload-time = "2026-04-22T16:28:08.538Z" },
]

[[package]]
name = "ibm-db-sa"
version = "0.4.4"
source = { registry = "https://pypi.org/simple" }
dependencies = [
    { name = "ibm-db", marker = "platform_machine != 'aarch64' or sys_platform != 'linux'" },
    { name = "sqlalchemy", marker = "platform_machine != 'aarch64' or sys_platform != 'linux'" },
]
sdist = { url = "https://files.pythonhosted.org/packages/7d/9d/2d6a1ba44af4a6ee411a61e18dbaa735f5d63880e159b877658b17ba4ea3/ibm_db_sa-0.4.4.tar.gz", hash = "sha256:f2567853fd095821964d6a6880e54fddee249d68cc835a3fd0c7d1cdd6a01055", size = 45207, upload-time = "2026-03-18T06:49:20.86Z" }
wheels = [
    { url = "https://files.pythonhosted.org/packages/83/6a/1fdabb124aa5a045e38ad68fec876b27537b50e85cf7603dc2f4778c6bfb/ibm_db_sa-0.4.4-py3-none-any.whl", hash = "sha256:db0464d87d39a6a3ec8716515ec1dbb7f4620596295e433be53375cdeab9d631", size = 42731, upload-time = "2026-03-18T06:49:19.742Z" },
]

[[package]]
name = "injector"
version = "0.24.0"
source = { registry = "https://pypi.org/simple" }
sdist = { url = "https://files.pythonhosted.org/packages/17/6c/de0f64b2b8d7d8cd3206bd6fb54ebb0c7c2e2fe0f2d16103756ff1bf803b/injector-0.24.0.tar.gz", hash = "sha256:e85a75d1516cff2f03170f3fd1219f56acb25c9a05e307819ae0dcde3dad3d3f", size = 55988, upload-time = "2026-01-09T12:10:41.782Z" }
wheels = [
    { url = "https://files.pythonhosted.org/packages/5f/db/953aeee405f1466832f212f61496ee07c29f7f027f7591b71b06bd08a418/injector-0.24.0-py3-none-any.whl", hash = "sha256:47294c7a7fdb811f0d1b442a1e0152bb2fc28b2ccaaba4cba44e5e125e0da2d0", size = 21504, upload-time = "2026-01-09T12:10:40.329Z" },
]

[[package]]
name = "mcp"
version = "2.0.0"
source = { registry = "https://pypi.org/simple" }
dependencies = [
    { name = "anyio" },
    { name = "python-multipart" },
    { name = "starlette" },
]
sdist = { url = "https://files.pythonhosted.org/packages/74/33/32d4dff2c95bb5d897c3ef4c83649a08996b17b58f0a326d2495d4c81179/mcp-2.0.0.tar.gz", hash = "sha256:0f440e735c13ece8bb19bc62cf0b86f4313448432fbb77d35e14034f4e050728", size = 1662284, upload-time = "2026-07-28T13:45:32.346Z" }
wheels = [
    { url = "https://files.pythonhosted.org/packages/67/72/7d7897418912c1d12e87556630dfb7bf0eac71160e9bef8b447960804ee3/mcp-2.0.0-py3-none-any.whl", hash = "sha256:1cb4c75d2d2c7b8c1d756355e5d82a39f2822cc7f13e22a2051d7ca3592349d6", size = 349980, upload-time = "2026-07-28T13:45:28.853Z" },
]

[[package]]
name = "onnxruntime"
version = "1.20.1"
source = { registry = "https://pypi.org/simple" }
resolution-markers = [
    "sys_platform == 'win32'",
]
wheels = [
    { url = "https://files.pythonhosted.org/packages/12/f1/cefacac137f7bb7bfba57c50c478150fcd3c54aca72762ac2c05ce0532c1/onnxruntime-1.20.1-cp311-cp311-win32.whl", hash = "sha256:a19bc6e8c70e2485a1725b3d517a2319603acc14c1f1a017dda0afe6d4665b41", size = 9813977, upload-time = "2024-11-21T00:49:00.519Z" },
]

[[package]]
name = "onnxruntime"
version = "1.25.1"
source = { registry = "https://pypi.org/simple" }
resolution-markers = [
    "sys_platform == 'darwin'",
    "platform_machine == 'aarch64' and sys_platform == 'linux'",
    "(platform_machine != 'aarch64' and sys_platform == 'linux') or (sys_platform != 'darwin' and sys_platform != 'linux' and sys_platform != 'win32')",
]
wheels = [
    { url = "https://files.pythonhosted.org/packages/c1/00/dccf702195572df51a40784fc939304595a0ae3577537d3b5be79273151a/onnxruntime-1.25.1-cp311-cp311-macosx_14_0_arm64.whl", hash = "sha256:5cf58ec7601120bb4370f0b868f794d3e3626db7b1b1dba366c27874b224e9de", size = 17762805, upload-time = "2026-04-27T22:00:45.336Z" },
]

[[package]]
name = "openai"
version = "2.34.0"
source = { registry = "https://pypi.org/simple" }
dependencies = [
    { name = "anyio" },
]
sdist = { url = "https://files.pythonhosted.org/packages/7b/89/f1e78f5f828f4e97a6ebca8f45c6b35667da12b074ac490dc8362b882279/openai-2.34.0.tar.gz", hash = "sha256:828b4efcbb126352c2b5eb97d33ae890c92a71ab72511aefc1b7fe64aeccb07b", size = 759556, upload-time = "2026-05-04T17:34:08.721Z" }
wheels = [
    { url = "https://files.pythonhosted.org/packages/f2/40/f090499f10514515081d09cb9da09f25b821eb20497e9423afe4f07b4ecf/openai-2.34.0-py3-none-any.whl", hash = "sha256:c996a71b1a210f3569844572ad4c609307e978515fb76877cf449b72596e549e", size = 1316535, upload-time = "2026-05-04T17:34:06.773Z" },
]

[[package]]
name = "partial-json-parser"
version = "0.2.1.1.post7"
source = { registry = "https://pypi.org/simple" }
sdist = { url = "https://files.pythonhosted.org/packages/6a/6d/eed37d7ebc1e0bcd27b831c0cf1fe94881934316187c4b30d23f29ea0bd4/partial_json_parser-0.2.1.1.post7.tar.gz", hash = "sha256:86590e1ba6bcb6739a2dfc17d2323f028cb5884f4c6ce23db376999132c9a922", size = 10296, upload-time = "2025-11-17T07:27:41.202Z" }
wheels = [
    { url = "https://files.pythonhosted.org/packages/42/32/658973117bf0fd82a24abbfb94fe73a5e86216e49342985e10acce54775a/partial_json_parser-0.2.1.1.post7-py3-none-any.whl", hash = "sha256:145119e5eabcf80cbb13844a6b50a85c68bf99d376f8ed771e2a3c3b03e653ae", size = 10877, upload-time = "2025-11-17T07:27:40.457Z" },
]

[[package]]
name = "playwright"
version = "1.60.0"
source = { registry = "https://pypi.org/simple" }
wheels = [
    { url = "https://files.pythonhosted.org/packages/21/f0/832bd9677194908da118064eef20082f2791e3d18215cc6d9391ee2c5a67/playwright-1.60.0-py3-none-macosx_10_13_x86_64.whl", hash = "sha256:6a8cd0fec171fb3089e95e898c8bc8a6f35dea0b78b399e12fcc19427e91b1d7", size = 43474635, upload-time = "2026-05-18T12:00:31.969Z" },
]

[[package]]
name = "private-gpt"
version = "1.0.1"
source = { editable = "." }
dependencies = [
    { name = "arq" },
    { name = "cachetools" },
    { name = "fastapi", extra = ["all"] },
    { name = "injector" },
    { name = "partial-json-parser" },
    { name = "python-multipart" },
    { name = "pyyaml" },
    { name = "requests" },
]

[package.optional-dependencies]
database-core = [
    { name = "sqlalchemy" },
    { name = "sqlgpt-parser" },
]
database-db2 = [
    { name = "ibm-db", marker = "platform_machine != 'aarch64'" },
    { name = "ibm-db-sa", marker = "platform_machine != 'aarch64'" },
    { name = "sqlalchemy" },
    { name = "sqlgpt-parser" },
]
dev = [
    { name = "pytest" },
    { name = "ruff" },
    { name = "ty" },
    { name = "types-pyyaml" },
]
lint = [
    { name = "ruff" },
]
llm-anthropic = [
    { name = "anthropic" },
]
llm-mistral = [
    { name = "huggingface-hub" },
]
media-core = [
    { name = "torch" },
]
queue-celery = [
    { name = "celery" },
    { name = "flower" },
]
sdk-openai = [
    { name = "openai" },
]
test = [
    { name = "pytest" },
]
tokenizer = [
    { name = "huggingface-hub" },
    { name = "transformers" },
]
tokenizer-local = [
    { name = "huggingface-hub" },
    { name = "transformers" },
]
tool-mcp = [
    { name = "mcp" },
]
tool-web-scraping = [
    { name = "playwright" },
]
typecheck = [
    { name = "ty" },
    { name = "types-pyyaml" },
]

[package.metadata]
requires-dist = [
    { name = "anthropic", marker = "extra == 'llm-anthropic'", specifier = ">=0.122.0" },
    { name = "arq", specifier = ">=0.26,<0.27" },
    { name = "cachetools", specifier = ">=7.0.0" },
    { name = "celery", marker = "extra == 'queue-celery'", specifier = "==5.4.0,<6" },
    { name = "fastapi", extras = ["all"], specifier = ">=0.136.0" },
    { name = "flower", marker = "extra == 'queue-celery'", specifier = ">=2.0.1,<3" },
    { name = "huggingface-hub", marker = "extra == 'llm-mistral'" },
    { name = "huggingface-hub", marker = "extra == 'tokenizer-local'" },
    { name = "ibm-db", marker = "platform_machine != 'aarch64' and extra == 'database-db2'", specifier = ">=3.2.9" },
    { name = "ibm-db-sa", marker = "platform_machine != 'aarch64' and extra == 'database-db2'", specifier = ">=0.4.4" },
    { name = "injector", specifier = ">=0.24.0,<0.25" },
    { name = "mcp", marker = "extra == 'tool-mcp'", specifier = ">=2.0.0,<3" },
    { name = "openai", marker = "extra == 'sdk-openai'", specifier = ">=2.0.0,<3" },
    { name = "partial-json-parser", specifier = ">=0.2.1.1.post7,<0.3" },
    { name = "playwright", marker = "extra == 'tool-web-scraping'", specifier = "==1.60.0" },
    { name = "private-gpt", extras = ["database-core"], marker = "extra == 'database-db2'" },
    { name = "private-gpt", extras = ["lint", "test", "typecheck"], marker = "extra == 'dev'" },
    { name = "private-gpt", extras = ["tokenizer-local"], marker = "extra == 'tokenizer'" },
    { name = "pytest", marker = "extra == 'test'", specifier = ">=9,<10" },
    { name = "python-multipart", specifier = ">=0.0.26" },
    { name = "pyyaml", specifier = ">=6.0.3,<7" },
    { name = "requests", specifier = ">=2.33.0,<3" },
    { name = "ruff", marker = "extra == 'lint'", specifier = ">=0,<1" },
    { name = "sqlalchemy", marker = "extra == 'database-core'", specifier = ">=2.0.49,<3" },
    { name = "sqlgpt-parser", marker = "extra == 'database-core'", specifier = ">=0.0.1a5" },
    { name = "torch", marker = "extra == 'media-core'", specifier = ">=2.11.0,<3" },
    { name = "transformers", marker = "extra == 'tokenizer-local'", specifier = ">=5.7.0" },
    { name = "ty", marker = "extra == 'typecheck'", specifier = "==0.0.59" },
    { name = "types-pyyaml", marker = "extra == 'typecheck'", specifier = ">=6.0.12.12,<7" },
]
provides-extras = ["sdk-openai", "llm-mistral", "llm-anthropic", "tokenizer-local", "tokenizer", "database-core", "database-db2", "queue-celery", "tool-mcp", "tool-web-scraping", "media-core", "lint", "test", "typecheck", "dev"]

[[package]]
name = "pytest"
version = "9.0.2"
source = { registry = "https://pypi.org/simple" }
sdist = { url = "https://files.pythonhosted.org/packages/d1/db/7ef3487e0fb0049ddb5ce41d3a49c235bf9ad299b6a25d5780a89f19230f/pytest-9.0.2.tar.gz", hash = "sha256:75186651a92bd89611d1d9fc20f0b4345fd827c41ccd5c299a868a05d70edf11", size = 1568901, upload-time = "2025-12-06T21:30:51.014Z" }
wheels = [
    { url = "https://files.pythonhosted.org/packages/3b/ab/b3226f0bd7cdcf710fbede2b3548584366da3b19b5021e74f5bde2a8fa3f/pytest-9.0.2-py3-none-any.whl", hash = "sha256:711ffd45bf766d5264d487b917733b453d917afd2b0ad65223959f59089f875b", size = 374801, upload-time = "2025-12-06T21:30:49.154Z" },
]

[[package]]
name = "python-multipart"
version = "0.0.27"
source = { registry = "https://pypi.org/simple" }
sdist = { url = "https://files.pythonhosted.org/packages/69/9b/f23807317a113dc36e74e75eb265a02dd1a4d9082abc3c1064acd22997c4/python_multipart-0.0.27.tar.gz", hash = "sha256:9870a6a8c5a20a5bf4f07c017bd1489006ff8836cff097b6933355ee2b49b602", size = 44043, upload-time = "2026-04-27T10:51:26.649Z" }
wheels = [
    { url = "https://files.pythonhosted.org/packages/99/78/4126abcbdbd3c559d43e0db7f7b9173fc6befe45d39a2856cc0b8ec2a5a6/python_multipart-0.0.27-py3-none-any.whl", hash = "sha256:6fccfad17a27334bd0193681b369f476eda3409f17381a2d65aa7df3f7275645", size = 29254, upload-time = "2026-04-27T10:51:24.997Z" },
]

[[package]]
name = "pyyaml"
version = "6.0.3"
source = { registry = "https://pypi.org/simple" }
sdist = { url = "https://files.pythonhosted.org/packages/05/8e/961c0007c59b8dd7729d542c61a4d537767a59645b82a0b521206e1e25c2/pyyaml-6.0.3.tar.gz", hash = "sha256:d76623373421df22fb4cf8817020cbb7ef15c725b9d5e45f17e189bfc384190f", size = 130960, upload-time = "2025-09-25T21:33:16.546Z" }
wheels = [
    { url = "https://files.pythonhosted.org/packages/6d/16/a95b6757765b7b031c9374925bb718d55e0a9ba8a1b6a12d25962ea44347/pyyaml-6.0.3-cp311-cp311-macosx_10_13_x86_64.whl", hash = "sha256:44edc647873928551a01e7a563d7452ccdebee747728c1080d881d68af7b997e", size = 185826, upload-time = "2025-09-25T21:31:58.655Z" },
]

[[package]]
name = "requests"
version = "2.33.1"
source = { registry = "https://pypi.org/simple" }
sdist = { url = "https://files.pythonhosted.org/packages/5f/a4/98b9c7c6428a668bf7e42ebb7c79d576a1c3c1e3ae2d47e674b468388871/requests-2.33.1.tar.gz", hash = "sha256:18817f8c57c6263968bc123d237e3b8b08ac046f5456bd1e307ee8f4250d3517", size = 134120, upload-time = "2026-03-30T16:09:15.531Z" }
wheels = [
    { url = "https://files.pythonhosted.org/packages/d7/8e/7540e8a2036f79a125c1d2ebadf69ed7901608859186c856fa0388ef4197/requests-2.33.1-py3-none-any.whl", hash = "sha256:4e6d1ef462f3626a1f0a0a9c42dd93c63bad33f9f1c1937509b8c5c8718ab56a", size = 64947, upload-time = "2026-03-30T16:09:13.83Z" },
]

[[package]]
name = "ruff"
version = "0.15.21"
source = { registry = "https://pypi.org/simple" }
sdist = { url = "https://files.pythonhosted.org/packages/0f/36/6f65aa9989acdec45d417192d8f4e7921931d8a6cf87ac74bce3eed98a8e/ruff-0.15.21.tar.gz", hash = "sha256:d0cfc841c572283c36548f82664a54ce6565567f1b0d5b4cf2caac693d8b7500", size = 4769401, upload-time = "2026-07-09T20:01:34.005Z" }
wheels = [
    { url = "https://files.pythonhosted.org/packages/d0/c6/ede15cac6839f3dbce52565c8f5164a8210e669c7bc4decb03e5bdf47d0d/ruff-0.15.21-py3-none-linux_armv6l.whl", hash = "sha256:63ea0e965e5d73c90e95b2434beeafc70820536717f561b32ab6e777cb9bdf5d", size = 10854342, upload-time = "2026-07-09T20:00:53.998Z" },
]

[[package]]
name = "sqlalchemy"
version = "2.0.49"
source = { registry = "https://pypi.org/simple" }
sdist = { url = "https://files.pythonhosted.org/packages/09/45/461788f35e0364a8da7bda51a1fe1b09762d0c32f12f63727998d85a873b/sqlalchemy-2.0.49.tar.gz", hash = "sha256:d15950a57a210e36dd4cec1aac22787e2a4d57ba9318233e2ef8b2daf9ff2d5f", size = 9898221, upload-time = "2026-04-03T16:38:11.704Z" }
wheels = [
    { url = "https://files.pythonhosted.org/packages/60/b5/e3617cc67420f8f403efebd7b043128f94775e57e5b84e7255203390ceae/sqlalchemy-2.0.49-cp311-cp311-macosx_11_0_arm64.whl", hash = "sha256:c5070135e1b7409c4161133aa525419b0062088ed77c92b1da95366ec5cbebbe", size = 2159126, upload-time = "2026-04-03T16:50:13.242Z" },
]

[[package]]
name = "sqlgpt-parser"
version = "0.0.1a5"
source = { registry = "https://pypi.org/simple" }
sdist = { url = "https://files.pythonhosted.org/packages/f0/51/743ee5859f6b1a6bfbb0765e130638b3fec8982c6f766e9a82d1464afcc7/sqlgpt_parser-0.0.1a5.tar.gz", hash = "sha256:7dfc00209b6908f0fcb9aa064333fb1848996295cf6ee2ac72004a18f13a3e7f", size = 2495565, upload-time = "2023-09-20T13:06:28.461Z" }
wheels = [
    { url = "https://files.pythonhosted.org/packages/69/98/feda6c07971fb1006bd8119601b12c85e5157c54c00e4c65fc147a3f0d97/sqlgpt_parser-0.0.1a5-py3-none-any.whl", hash = "sha256:d7e81875c2b120bee3545f47c544e1adce72cc7963690b02d7c34e5cf682fe6c", size = 2659752, upload-time = "2023-09-20T13:06:26.445Z" },
]

[[package]]
name = "starlette"
version = "0.52.1"
source = { registry = "https://pypi.org/simple" }
dependencies = [
    { name = "anyio" },
]
sdist = { url = "https://files.pythonhosted.org/packages/c4/68/79977123bb7be889ad680d79a40f339082c1978b5cfcf62c2d8d196873ac/starlette-0.52.1.tar.gz", hash = "sha256:834edd1b0a23167694292e94f597773bc3f89f362be6effee198165a35d62933", size = 2653702, upload-time = "2026-01-18T13:34:11.062Z" }
wheels = [
    { url = "https://files.pythonhosted.org/packages/81/0d/13d1d239a25cbfb19e740db83143e95c772a1fe10202dda4b76792b114dd/starlette-0.52.1-py3-none-any.whl", hash = "sha256:0029d43eb3d273bc4f83a08720b4912ea4b071087a3b48db01b7c839f7954d74", size = 74272, upload-time = "2026-01-18T13:34:09.188Z" },
]

[[package]]
name = "torch"
version = "2.11.0"
source = { registry = "https://pypi.org/simple" }
wheels = [
    { url = "https://files.pythonhosted.org/packages/ae/0d/98b410492609e34a155fa8b121b55c7dca229f39636851c3a9ec20edea21/torch-2.11.0-cp311-cp311-macosx_11_0_arm64.whl", hash = "sha256:7b6a60d48062809f58595509c524b88e6ddec3ebe25833d6462eeab81e5f2ce4", size = 80529712, upload-time = "2026-03-23T18:12:02.608Z" },
]

[[package]]
name = "transformers"
version = "5.7.0"
source = { registry = "https://pypi.org/simple" }
dependencies = [
    { name = "huggingface-hub" },
    { name = "pyyaml" },
]
sdist = { url = "https://files.pythonhosted.org/packages/4d/fe/7e84d20ac7d4d5d14bac2eab5976088d86342959fc2c0da54b4c2fc99856/transformers-5.7.0.tar.gz", hash = "sha256:a9d35cf39804e3456c1f9bc1a79ad5ffa878640a61f51f66f71c97f4b4e2ce10", size = 8401287, upload-time = "2026-04-28T18:30:09.75Z" }
wheels = [
    { url = "https://files.pythonhosted.org/packages/60/60/86a9fe3037bec221094e2acb680219ad88b77006edba42fc0407a577ca93/transformers-5.7.0-py3-none-any.whl", hash = "sha256:869660cd8fc92badc041f5551bf755a42f4b9558c93341bf3fa3eeed7065079c", size = 10474236, upload-time = "2026-04-28T18:30:05.655Z" },
]

[[package]]
name = "ty"
version = "0.0.59"
source = { registry = "https://pypi.org/simple" }
sdist = { url = "https://files.pythonhosted.org/packages/95/b0/84ae7b3bf6e3e9f57eb9635eeff5a80b36e57aa089f40be0fb5c384fa176/ty-0.0.59.tar.gz", hash = "sha256:53e53ffeed78ad59cd237fa8ea1316d2b94e13efdea9a945698acab549e005aa", size = 6145435, upload-time = "2026-07-12T20:22:02.781Z" }
wheels = [
    { url = "https://files.pythonhosted.org/packages/57/e8/650b42fbef4d48e6ca682b0b6e9b68fa8fcf55cbb0a6892ab89990018b6f/ty-0.0.59-py3-none-linux_armv6l.whl", hash = "sha256:f8fb08a767ef8f11ea3c537b9d77860726cc2bc39e6f77ad13c02d5b289f20a7", size = 11700328, upload-time = "2026-07-12T20:21:26.046Z" },
]

[[package]]
name = "types-pyyaml"
version = "6.0.12.20250915"
source = { registry = "https://pypi.org/simple" }
sdist = { url = "https://files.pythonhosted.org/packages/7e/69/3c51b36d04da19b92f9e815be12753125bd8bc247ba0470a982e6979e71c/types_pyyaml-6.0.12.20250915.tar.gz", hash = "sha256:0f8b54a528c303f0e6f7165687dd33fafa81c807fcac23f632b63aa624ced1d3", size = 17522, upload-time = "2025-09-15T03:01:00.728Z" }
wheels = [
    { url = "https://files.pythonhosted.org/packages/bd/e0/1eed384f02555dde685fff1a1ac805c1c7dcb6dd019c916fe659b1c1f9ec/types_pyyaml-6.0.12.20250915-py3-none-any.whl", hash = "sha256:e7d4d9e064e89a3b3cae120b4990cd370874d2bf12fa5f46c97018dd5d3c9ab6", size = 20338, upload-time = "2025-09-15T03:00:59.218Z" },
]
